// !$*UTF8*$!
{
	archiveVersion = 1;
	classes = {
	};
	objectVersion = 55;
	objects = {

/* Begin PBXBuildFile section */
		B72BEC0F28A04BF900919EBC /* README.md in Resources */ = {isa = PBXBuildFile; fileRef = B72BEC0E28A04BF900919EBC /* README.md */; };
		B72BEC1928A97CFC00919EBC /* ContentPreview.swift in Sources */ = {isa = PBXBuildFile; fileRef = B72BEC1828A97CFC00919EBC /* ContentPreview.swift */; };
		B72BEC1B28A97D5C00919EBC /* AuthSucc.swift in Sources */ = {isa = PBXBuildFile; fileRef = B72BEC1A28A97D5C00919EBC /* AuthSucc.swift */; };
		B72BEC1E28A98AEB00919EBC /* VerifyUser.swift in Sources */ = {isa = PBXBuildFile; fileRef = B72BEC1D28A98AEB00919EBC /* VerifyUser.swift */; };
		B7460726289F71F600DF7BA9 /* NeithApp.swift in Sources */ = {isa = PBXBuildFile; fileRef = B7460725289F71F600DF7BA9 /* NeithApp.swift */; };
		B7460728289F71F600DF7BA9 /* FaceAuth.swift in Sources */ = {isa = PBXBuildFile; fileRef = B7460727289F71F600DF7BA9 /* FaceAuth.swift */; };
		B746072A289F71F700DF7BA9 /* Assets.xcassets in Resources */ = {isa = PBXBuildFile; fileRef = B7460729289F71F700DF7BA9 /* Assets.xcassets */; };
		B746072D289F71F700DF7BA9 /* Preview Assets.xcassets in Resources */ = {isa = PBXBuildFile; fileRef = B746072C289F71F700DF7BA9 /* Preview Assets.xcassets */; };
		B7460737289F71F700DF7BA9 /* NeithTests.swift in Sources */ = {isa = PBXBuildFile; fileRef = B7460736289F71F700DF7BA9 /* NeithTests.swift */; };
		B7460741289F71F700DF7BA9 /* NeithUITests.swift in Sources */ = {isa = PBXBuildFile; fileRef = B7460740289F71F700DF7BA9 /* NeithUITests.swift */; };
		B7460743289F71F700DF7BA9 /* NeithUITestsLaunchTests.swift in Sources */ = {isa = PBXBuildFile; fileRef = B7460742289F71F700DF7BA9 /* NeithUITestsLaunchTests.swift */; };
/* End PBXBuildFile section */

/* Begin PBXContainerItemProxy section */
		B7460733289F71F700DF7BA9 /* PBXContainerItemProxy */ = {
			isa = PBXContainerItemProxy;
			containerPortal = B746071A289F71F600DF7BA9 /* Project object */;
			proxyType = 1;
			remoteGlobalIDString = B7460721289F71F600DF7BA9;
			remoteInfo = Neith;
		};
		B746073D289F71F700DF7BA9 /* PBXContainerItemProxy */ = {
			isa = PBXContainerItemProxy;
			containerPortal = B746071A289F71F600DF7BA9 /* Project object */;
			proxyType = 1;
			remoteGlobalIDString = B7460721289F71F600DF7BA9;
			remoteInfo = Neith;
		};
/* End PBXContainerItemProxy section */

/* Begin PBXFileReference section */
		B72BEC0E28A04BF900919EBC /* README.md */ = {isa = PBXFileReference; lastKnownFileType = net.daringfireball.markdown; path = README.md; sourceTree = "<group>"; };
		B72BEC1828A97CFC00919EBC /* ContentPreview.swift */ = {isa = PBXFileReference; lastKnownFileType = sourcecode.swift; path = ContentPreview.swift; sourceTree = "<group>"; };
		B72BEC1A28A97D5C00919EBC /* AuthSucc.swift */ = {isa = PBXFileReference; lastKnownFileType = sourcecode.swift; path = AuthSucc.swift; sourceTree = "<group>"; };
		B72BEC1D28A98AEB00919EBC /* VerifyUser.swift */ = {isa = PBXFileReference; lastKnownFileType = sourcecode.swift; path = VerifyUser.swift; sourceTree = "<group>"; };
		B7460722289F71F600DF7BA9 /* Neith.app */ = {isa = PBXFileReference; explicitFileType = wrapper.application; includeInIndex = 0; path = Neith.app; sourceTree = BUILT_PRODUCTS_DIR; };
		B7460725289F71F600DF7BA9 /* NeithApp.swift */ = {isa = PBXFileReference; lastKnownFileType = sourcecode.swift; path = NeithApp.swift; sourceTree = "<group>"; };
		B7460727289F71F600DF7BA9 /* FaceAuth.swift */ = {isa = PBXFileReference; lastKnownFileType = sourcecode.swift; path = FaceAuth.swift; sourceTree = "<group>"; };
		B7460729289F71F700DF7BA9 /* Assets.xcassets */ = {isa = PBXFileReference; lastKnownFileType = folder.assetcatalog; path = Assets.xcassets; sourceTree = "<group>"; };
		B746072C289F71F700DF7BA9 /* Preview Assets.xcassets */ = {isa = PBXFileReference; lastKnownFileType = folder.assetcatalog; path = "Preview Assets.xcassets"; sourceTree = "<group>"; };
		B7460732289F71F700DF7BA9 /* NeithTests.xctest */ = {isa = PBXFileReference; explicitFileType = wrapper.cfbundle; includeInIndex = 0; path = NeithTests.xctest; sourceTree = BUILT_PRODUCTS_DIR; };
		B7460736289F71F700DF7BA9 /* NeithTests.swift */ = {isa = PBXFileReference; lastKnownFileType = sourcecode.swift; path = NeithTests.swift; sourceTree = "<group>"; };
		B746073C289F71F700DF7BA9 /* NeithUITests.xctest */ = {isa = PBXFileReference; explicitFileType = wrapper.cfbundle; includeInIndex = 0; path = NeithUITests.xctest; sourceTree = BUILT_PRODUCTS_DIR; };
		B7460740289F71F700DF7BA9 /* NeithUITests.swift */ = {isa = PBXFileReference; lastKnownFileType = sourcecode.swift; path = NeithUITests.swift; sourceTree = "<group>"; };
		B7460742289F71F700DF7BA9 /* NeithUITestsLaunchTests.swift */ = {isa = PBXFileReference; lastKnownFileType = sourcecode.swift; path = NeithUITestsLaunchTests.swift; sourceTree = "<group>"; };
/* End PBXFileReference section */

/* Begin PBXFrameworksBuildPhase section */
		B746071F289F71F600DF7BA9 /* Frameworks */ = {
			isa = PBXFrameworksBuildPhase;
			buildActionMask = 2147483647;
			files = (
			);
			runOnlyForDeploymentPostprocessing = 0;
		};
		B746072F289F71F700DF7BA9 /* Frameworks */ = {
			isa = PBXFrameworksBuildPhase;
			buildActionMask = 2147483647;
			files = (
			);
			runOnlyForDeploymentPostprocessing = 0;
		};
		B7460739289F71F700DF7BA9 /* Frameworks */ = {
			isa = PBXFrameworksBuildPhase;
			buildActionMask = 2147483647;
			files = (
			);
			runOnlyForDeploymentPostprocessing = 0;
		};
/* End PBXFrameworksBuildPhase section */

/* Begin PBXGroup section */
		B72BEC0D28A0330900919EBC /* Resources */ = {
			isa = PBXGroup;
			children = (
			);
			path = Resources;
			sourceTree = "<group>";
		};
		B72BEC1028A97B4900919EBC /* Model */ = {
			isa = PBXGroup;
			children = (
				B7460727289F71F600DF7BA9 /* FaceAuth.swift */,
				B72BEC1A28A97D5C00919EBC /* AuthSucc.swift */,
			);
			path = Model;
			sourceTree = "<group>";
		};
		B72BEC1528A97CB800919EBC /* View */ = {
			isa = PBXGroup;
			children = (
				B72BEC1828A97CFC00919EBC /* ContentPreview.swift */,
			);
			path = View;
			sourceTree = "<group>";
		};
		B72BEC1C28A9819000919EBC /* Controller */ = {
			isa = PBXGroup;
			children = (
				B72BEC1D28A98AEB00919EBC /* VerifyUser.swift */,
			);
			path = Controller;
			sourceTree = "<group>";
		};
		B7460719289F71F600DF7BA9 = {
			isa = PBXGroup;
			children = (
				B72BEC0E28A04BF900919EBC /* README.md */,
				B7460724289F71F600DF7BA9 /* Neith */,
				B7460735289F71F700DF7BA9 /* NeithTests */,
				B746073F289F71F700DF7BA9 /* NeithUITests */,
				B7460723289F71F600DF7BA9 /* Products */,
			);
			sourceTree = "<group>";
		};
		B7460723289F71F600DF7BA9 /* Products */ = {
			isa = PBXGroup;
			children = (
				B7460722289F71F600DF7BA9 /* Neith.app */,
				B7460732289F71F700DF7BA9 /* NeithTests.xctest */,
				B746073C289F71F700DF7BA9 /* NeithUITests.xctest */,
			);
			name = Products;
			sourceTree = "<group>";
		};
		B7460724289F71F600DF7BA9 /* Neith */ = {
			isa = PBXGroup;
			children = (
				B72BEC1C28A9819000919EBC /* Controller */,
				B72BEC1528A97CB800919EBC /* View */,
				B72BEC1028A97B4900919EBC /* Model */,
				B746072B289F71F700DF7BA9 /* Preview Content */,
				B72BEC0D28A0330900919EBC /* Resources */,
				B7460725289F71F600DF7BA9 /* NeithApp.swift */,
			);
			path = Neith;
			sourceTree = "<group>";
		};
		B746072B289F71F700DF7BA9 /* Preview Content */ = {
			isa = PBXGroup;
			children = (
				B7460729289F71F700DF7BA9 /* Assets.xcassets */,
				B746072C289F71F700DF7BA9 /* Preview Assets.xcassets */,
			);
			path = "Preview Content";
			sourceTree = "<group>";
		};
		B7460735289F71F700DF7BA9 /* NeithTests */ = {
			isa = PBXGroup;
			children = (
				B7460736289F71F700DF7BA9 /* NeithTests.swift */,
			);
			path = NeithTests;
			sourceTree = "<group>";
		};
		B746073F289F71F700DF7BA9 /* NeithUITests */ = {
			isa = PBXGroup;
			children = (
				B7460740289F71F700DF7BA9 /* NeithUITests.swift */,
				B7460742289F71F700DF7BA9 /* NeithUITestsLaunchTests.swift */,
			);
			path = NeithUITests;
			sourceTree = "<group>";
		};
/* End PBXGroup section */

/* Begin PBXNativeTarget section */
		B7460721289F71F600DF7BA9 /* Neith */ = {
			isa = PBXNativeTarget;
			buildConfigurationList = B7460746289F71F700DF7BA9 /* Build configuration list for PBXNativeTarget "Neith" */;
			buildPhases = (
				B746071E289F71F600DF7BA9 /* Sources */,
				B746071F289F71F600DF7BA9 /* Frameworks */,
				B7460720289F71F600DF7BA9 /* Resources */,
			);
			buildRules = (
			);
			dependencies = (
			);
			name = Neith;
			productName = Neith;
			productReference = B7460722289F71F600DF7BA9 /* Neith.app */;
			productType = "com.apple.product-type.application";
		};
		B7460731289F71F700DF7BA9 /* NeithTests */ = {
			isa = PBXNativeTarget;
			buildConfigurationList = B7460749289F71F700DF7BA9 /* Build configuration list for PBXNativeTarget "NeithTests" */;
			buildPhases = (
				B746072E289F71F700DF7BA9 /* Sources */,
				B746072F289F71F700DF7BA9 /* Frameworks */,
				B7460730289F71F700DF7BA9 /* Resources */,
			);
			buildRules = (
			);
			dependencies = (
				B7460734289F71F700DF7BA9 /* PBXTargetDependency */,
			);
			name = NeithTests;
			productName = NeithTests;
			productReference = B7460732289F71F700DF7BA9 /* NeithTests.xctest */;
			productType = "com.apple.product-type.bundle.unit-test";
		};
		B746073B289F71F700DF7BA9 /* NeithUITests */ = {
			isa = PBXNativeTarget;
			buildConfigurationList = B746074C289F71F700DF7BA9 /* Build configuration list for PBXNativeTarget "NeithUITests" */;
			buildPhases = (
				B7460738289F71F700DF7BA9 /* Sources */,
				B7460739289F71F700DF7BA9 /* Frameworks */,
				B746073A289F71F700DF7BA9 /* Resources */,
			);
			buildRules = (
			);
			dependencies = (
				B746073E289F71F700DF7BA9 /* PBXTargetDependency */,
			);
			name = NeithUITests;
			productName = NeithUITests;
			productReference = B746073C289F71F700DF7BA9 /* NeithUITests.xctest */;
			productType = "com.apple.product-type.bundle.ui-testing";
		};
/* End PBXNativeTarget section */

/* Begin PBXProject section */
		B746071A289F71F600DF7BA9 /* Project object */ = {
			isa = PBXProject;
			attributes = {
				BuildIndependentTargetsInParallel = 1;
				LastSwiftUpdateCheck = 1340;
				LastUpgradeCheck = 1340;
				TargetAttributes = {
					B7460721289F71F600DF7BA9 = {
						CreatedOnToolsVersion = 13.4.1;
					};
					B7460731289F71F700DF7BA9 = {
						CreatedOnToolsVersion = 13.4.1;
						TestTargetID = B7460721289F71F600DF7BA9;
					};
					B746073B289F71F700DF7BA9 = {
						CreatedOnToolsVersion = 13.4.1;
						TestTargetID = B7460721289F71F600DF7BA9;
					};
				};
			};
			buildConfigurationList = B746071D289F71F600DF7BA9 /* Build configuration list for PBXProject "Neith" */;
			compatibilityVersion = "Xcode 13.0";
			developmentRegion = en;
			hasScannedForEncodings = 0;
			knownRegions = (
				en,
				Base,
			);
			mainGroup = B7460719289F71F600DF7BA9;
			productRefGroup = B7460723289F71F600DF7BA9 /* Products */;
			projectDirPath = "";
			projectRoot = "";
			targets = (
				B7460721289F71F600DF7BA9 /* Neith */,
				B7460731289F71F700DF7BA9 /* NeithTests */,
				B746073B289F71F700DF7BA9 /* NeithUITests */,
			);
		};
/* End PBXProject section */

/* Begin PBXResourcesBuildPhase section */
		B7460720289F71F600DF7BA9 /* Resources */ = {
			isa = PBXResourcesBuildPhase;
			buildActionMask = 2147483647;
			files = (
				B72BEC0F28A04BF900919EBC /* README.md in Resources */,
				B746072D289F71F700DF7BA9 /* Preview Assets.xcassets in Resources */,
				B746072A289F71F700DF7BA9 /* Assets.xcassets in Resources */,
			);
			runOnlyForDeploymentPostprocessing = 0;
		};
		B7460730289F71F700DF7BA9 /* Resources */ = {
			isa = PBXResourcesBuildPhase;
			buildActionMask = 2147483647;
			files = (
			);
			runOnlyForDeploymentPostprocessing = 0;
		};
		B746073A289F71F700DF7BA9 /* Resources */ = {
			isa = PBXResourcesBuildPhase;
			buildActionMask = 2147483647;
			files = (
			);
			runOnlyForDeploymentPostprocessing = 0;
		};
/* End PBXResourcesBuildPhase section */

/* Begin PBXSourcesBuildPhase section */
		B746071E289F71F600DF7BA9 /* Sources */ = {
			isa = PBXSourcesBuildPhase;
			buildActionMask = 2147483647;
			files = (
				B72BEC1E28A98AEB00919EBC /* VerifyUser.swift in Sources */,
				B72BEC1928A97CFC00919EBC /* ContentPreview.swift in Sources */,
				B72BEC1B28A97D5C00919EBC /* AuthSucc.swift in Sources */,
				B7460728289F71F600DF7BA9 /* FaceAuth.swift in Sources */,
				B7460726289F71F600DF7BA9 /* NeithApp.swift in Sources */,
			);
			runOnlyForDeploymentPostprocessing = 0;
		};
		B746072E289F71F700DF7BA9 /* Sources */ = {
			isa = PBXSourcesBuildPhase;
			buildActionMask = 2147483647;
			files = (
				B7460737289F71F700DF7BA9 /* NeithTests.swift in Sources */,
			);
			runOnlyForDeploymentPostprocessing = 0;
		};
		B7460738289F71F700DF7BA9 /* Sources */ = {
			isa = PBXSourcesBuildPhase;
			buildActionMask = 2147483647;
			files = (
				B7460741289F71F700DF7BA9 /* NeithUITests.swift in Sources */,
				B7460743289F71F700DF7BA9 /* NeithUITestsLaunchTests.swift in Sources */,
			);
			runOnlyForDeploymentPostprocessing = 0;
		};
/* End PBXSourcesBuildPhase section */

/* Begin PBXTargetDependency section */
		B7460734289F71F700DF7BA9 /* PBXTargetDependency */ = {
			isa = PBXTargetDependency;
			target = B7460721289F71F600DF7BA9 /* Neith */;
			targetProxy = B7460733289F71F700DF7BA9 /* PBXContainerItemProxy */;
		};
		B746073E289F71F700DF7BA9 /* PBXTargetDependency */ = {
			isa = PBXTargetDependency;
			target = B7460721289F71F600DF7BA9 /* Neith */;
			targetProxy = B746073D289F71F700DF7BA9 /* PBXContainerItemProxy */;
		};
/* End PBXTargetDependency section */

/* Begin XCBuildConfiguration section */
		B7460744289F71F700DF7BA9 /* Debug */ = {
			isa = XCBuildConfiguration;
			buildSettings = {
				ALWAYS_SEARCH_USER_PATHS = NO;
				CLANG_ANALYZER_NONNULL = YES;
				CLANG_ANALYZER_NUMBER_OBJECT_CONVERSION = YES_AGGRESSIVE;
				CLANG_CXX_LANGUAGE_STANDARD = "gnu++17";
				CLANG_ENABLE_MODULES = YES;
				CLANG_ENABLE_OBJC_ARC = YES;
				CLANG_ENABLE_OBJC_WEAK = YES;
				CLANG_WARN_BLOCK_CAPTURE_AUTORELEASING = YES;
				CLANG_WARN_BOOL_CONVERSION = YES;
				CLANG_WARN_COMMA = YES;
				CLANG_WARN_CONSTANT_CONVERSION = YES;
				CLANG_WARN_DEPRECATED_OBJC_IMPLEMENTATIONS = YES;
				CLANG_WARN_DIRECT_OBJC_ISA_USAGE = YES_ERROR;
				CLANG_WARN_DOCUMENTATION_COMMENTS = YES;
				CLANG_WARN_EMPTY_BODY = YES;
				CLANG_WARN_ENUM_CONVERSION = YES;
				CLANG_WARN_INFINITE_RECURSION = YES;
				CLANG_WARN_INT_CONVERSION = YES;
				CLANG_WARN_NON_LITERAL_NULL_CONVERSION = YES;
				CLANG_WARN_OBJC_IMPLICIT_RETAIN_SELF = YES;
				CLANG_WARN_OBJC_LITERAL_CONVERSION = YES;
				CLANG_WARN_OBJC_ROOT_CLASS = YES_ERROR;
				CLANG_WARN_QUOTED_INCLUDE_IN_FRAMEWORK_HEADER = YES;
				CLANG_WARN_RANGE_LOOP_ANALYSIS = YES;
				CLANG_WARN_STRICT_PROTOTYPES = YES;
				CLANG_WARN_SUSPICIOUS_MOVE = YES;
				CLANG_WARN_UNGUARDED_AVAILABILITY = YES_AGGRESSIVE;
				CLANG_WARN_UNREACHABLE_CODE = YES;
				CLANG_WARN__DUPLICATE_METHOD_MATCH = YES;
				COPY_PHASE_STRIP = NO;
				DEBUG_INFORMATION_FORMAT = dwarf;
				ENABLE_STRICT_OBJC_MSGSEND = YES;
				ENABLE_TESTABILITY = YES;
				GCC_C_LANGUAGE_STANDARD = gnu11;
				GCC_DYNAMIC_NO_PIC = NO;
				GCC_NO_COMMON_BLOCKS = YES;
				GCC_OPTIMIZATION_LEVEL = 0;
				GCC_PREPROCESSOR_DEFINITIONS = (
					"DEBUG=1",
					"$(inherited)",
				);
				GCC_WARN_64_TO_32_BIT_CONVERSION = YES;
				GCC_WARN_ABOUT_RETURN_TYPE = YES_ERROR;
				GCC_WARN_UNDECLARED_SELECTOR = YES;
				GCC_WARN_UNINITIALIZED_AUTOS = YES_AGGRESSIVE;
				GCC_WARN_UNUSED_FUNCTION = YES;
				GCC_WARN_UNUSED_VARIABLE = YES;
				IPHONEOS_DEPLOYMENT_TARGET = 15.5;
				MTL_ENABLE_DEBUG_INFO = INCLUDE_SOURCE;
				MTL_FAST_MATH = YES;
				ONLY_ACTIVE_ARCH = YES;
				SDKROOT = iphoneos;
				SWIFT_ACTIVE_COMPILATION_CONDITIONS = DEBUG;
				SWIFT_OPTIMIZATION_LEVEL = "-Onone";
			};
			name = Debug;
		};
		B7460745289F71F700DF7BA9 /* Release */ = {
			isa = XCBuildConfiguration;
			buildSettings = {
				ALWAYS_SEARCH_USER_PATHS = NO;
				CLANG_ANALYZER_NONNULL = YES;
				CLANG_ANALYZER_NUMBER_OBJECT_CONVERSION = YES_AGGRESSIVE;
				CLANG_CXX_LANGUAGE_STANDARD = "gnu++17";
				CLANG_ENABLE_MODULES = YES;
				CLANG_ENABLE_OBJC_ARC = YES;
				CLANG_ENABLE_OBJC_WEAK = YES;
				CLANG_WARN_BLOCK_CAPTURE_AUTORELEASING = YES;
				CLANG_WARN_BOOL_CONVERSION = YES;
				CLANG_WARN_COMMA = YES;
				CLANG_WARN_CONSTANT_CONVERSION = YES;
				CLANG_WARN_DEPRECATED_OBJC_IMPLEMENTATIONS = YES;
				CLANG_WARN_DIRECT_OBJC_ISA_USAGE = YES_ERROR;
				CLANG_WARN_DOCUMENTATION_COMMENTS = YES;
				CLANG_WARN_EMPTY_BODY = YES;
				CLANG_WARN_ENUM_CONVERSION = YES;
				CLANG_WARN_INFINITE_RECURSION = YES;
				CLANG_WARN_INT_CONVERSION = YES;
				CLANG_WARN_NON_LITERAL_NULL_CONVERSION = YES;
				CLANG_WARN_OBJC_IMPLICIT_RETAIN_SELF = YES;
				CLANG_WARN_OBJC_LITERAL_CONVERSION = YES;
				CLANG_WARN_OBJC_ROOT_CLASS = YES_ERROR;
				CLANG_WARN_QUOTED_INCLUDE_IN_FRAMEWORK_HEADER = YES;
				CLANG_WARN_RANGE_LOOP_ANALYSIS = YES;
				CLANG_WARN_STRICT_PROTOTYPES = YES;
				CLANG_WARN_SUSPICIOUS_MOVE = YES;
				CLANG_WARN_UNGUARDED_AVAILABILITY = YES_AGGRESSIVE;
				CLANG_WARN_UNREACHABLE_CODE = YES;
				CLANG_WARN__DUPLICATE_METHOD_MATCH = YES;
				COPY_PHASE_STRIP = NO;
				DEBUG_INFORMATION_FORMAT = "dwarf-with-dsym";
				ENABLE_NS_ASSERTIONS = NO;
				ENABLE_STRICT_OBJC_MSGSEND = YES;
				GCC_C_LANGUAGE_STANDARD = gnu11;
				GCC_NO_COMMON_BLOCKS = YES;
				GCC_WARN_64_TO_32_BIT_CONVERSION = YES;
				GCC_WARN_ABOUT_RETURN_TYPE = YES_ERROR;
				GCC_WARN_UNDECLARED_SELECTOR = YES;
				GCC_WARN_UNINITIALIZED_AUTOS = YES_AGGRESSIVE;
				GCC_WARN_UNUSED_FUNCTION = YES;
				GCC_WARN_UNUSED_VARIABLE = YES;
				IPHONEOS_DEPLOYMENT_TARGET = 15.5;
				MTL_ENABLE_DEBUG_INFO = NO;
				MTL_FAST_MATH = YES;
				SDKROOT = iphoneos;
				SWIFT_COMPILATION_MODE = wholemodule;
				SWIFT_OPTIMIZATION_LEVEL = "-O";
				VALIDATE_PRODUCT = YES;
			};
			name = Release;
		};
		B7460747289F71F700DF7BA9 /* Debug */ = {
			isa = XCBuildConfiguration;
			buildSettings = {
				ASSETCATALOG_COMPILER_APPICON_NAME = AppIcon;
				ASSETCATALOG_COMPILER_GLOBAL_ACCENT_COLOR_NAME = AccentColor;
				CODE_SIGN_STYLE = Automatic;
				CURRENT_PROJECT_VERSION = 1;
				DEVELOPMENT_ASSET_PATHS = "\"Neith/Preview Content\"";
				DEVELOPMENT_TEAM = RKJ7HYD9NT;
				ENABLE_PREVIEWS = YES;
				GENERATE_INFOPLIST_FILE = YES;
				INFOPLIST_KEY_NSFaceIDUsageDescription = "Necesitas autenticarte con un sensor biométrico.";
				INFOPLIST_KEY_UIApplicationSceneManifest_Generation = YES;
				INFOPLIST_KEY_UIApplicationSupportsIndirectInputEvents = YES;
				INFOPLIST_KEY_UILaunchScreen_Generation = YES;
				INFOPLIST_KEY_UISupportedInterfaceOrientations_iPad = "UIInterfaceOrientationPortrait UIInterfaceOrientationPortraitUpsideDown UIInterfaceOrientationLandscapeLeft UIInterfaceOrientationLandscapeRight";
				INFOPLIST_KEY_UISupportedInterfaceOrientations_iPhone = "UIInterfaceOrientationPortrait UIInterfaceOrientationLandscapeLeft UIInterfaceOrientationLandscapeRight";
				LD_RUNPATH_SEARCH_PATHS = (
					"$(inherited)",
					"@executable_path/Frameworks",
				);
				MARKETING_VERSION = 1.0;
				PRODUCT_BUNDLE_IDENTIFIER = anunezmartinez.Neith;
				PRODUCT_NAME = "$(TARGET_NAME)";
				SWIFT_EMIT_LOC_STRINGS = YES;
				SWIFT_VERSION = 5.0;
				TARGETED_DEVICE_FAMILY = "1,2";
			};
			name = Debug;
		};
		B7460748289F71F700DF7BA9 /* Release */ = {
			isa = XCBuildConfiguration;
			buildSettings = {
				ASSETCATALOG_COMPILER_APPICON_NAME = AppIcon;
				ASSETCATALOG_COMPILER_GLOBAL_ACCENT_COLOR_NAME = AccentColor;
				CODE_SIGN_STYLE = Automatic;
				CURRENT_PROJECT_VERSION = 1;
				DEVELOPMENT_ASSET_PATHS = "\"Neith/Preview Content\"";
				DEVELOPMENT_TEAM = RKJ7HYD9NT;
				ENABLE_PREVIEWS = YES;
				GENERATE_INFOPLIST_FILE = YES;
				INFOPLIST_KEY_NSFaceIDUsageDescription = "Necesitas autenticarte con un sensor biométrico.";
				INFOPLIST_KEY_UIApplicationSceneManifest_Generation = YES;
				INFOPLIST_KEY_UIApplicationSupportsIndirectInputEvents = YES;
				INFOPLIST_KEY_UILaunchScreen_Generation = YES;
				INFOPLIST_KEY_UISupportedInterfaceOrientations_iPad = "UIInterfaceOrientationPortrait UIInterfaceOrientationPortraitUpsideDown UIInterfaceOrientationLandscapeLeft UIInterfaceOrientationLandscapeRight";
				INFOPLIST_KEY_UISupportedInterfaceOrientations_iPhone = "UIInterfaceOrientationPortrait UIInterfaceOrientationLandscapeLeft UIInterfaceOrientationLandscapeRight";
				LD_RUNPATH_SEARCH_PATHS = (
					"$(inherited)",
					"@executable_path/Frameworks",
				);
				MARKETING_VERSION = 1.0;
				PRODUCT_BUNDLE_IDENTIFIER = anunezmartinez.Neith;
				PRODUCT_NAME = "$(TARGET_NAME)";
				SWIFT_EMIT_LOC_STRINGS = YES;
				SWIFT_VERSION = 5.0;
				TARGETED_DEVICE_FAMILY = "1,2";
			};
			name = Release;
		};
		B746074A289F71F700DF7BA9 /* Debug */ = {
			isa = XCBuildConfiguration;
			buildSettings = {
				ALWAYS_EMBED_SWIFT_STANDARD_LIBRARIES = YES;
				BUNDLE_LOADER = "$(TEST_HOST)";
				CODE_SIGN_STYLE = Automatic;
				CURRENT_PROJECT_VERSION = 1;
				GENERATE_INFOPLIST_FILE = YES;
				IPHONEOS_DEPLOYMENT_TARGET = 15.5;
				MARKETING_VERSION = 1.0;
				PRODUCT_BUNDLE_IDENTIFIER = anunezmartinez.NeithTests;
				PRODUCT_NAME = "$(TARGET_NAME)";
				SWIFT_EMIT_LOC_STRINGS = NO;
				SWIFT_VERSION = 5.0;
				TARGETED_DEVICE_FAMILY = "1,2";
				TEST_HOST = "$(BUILT_PRODUCTS_DIR)/Neith.app/Neith";
			};
			name = Debug;
		};
		B746074B289F71F700DF7BA9 /* Release */ = {
			isa = XCBuildConfiguration;
			buildSettings = {
				ALWAYS_EMBED_SWIFT_STANDARD_LIBRARIES = YES;
				BUNDLE_LOADER = "$(TEST_HOST)";
				CODE_SIGN_STYLE = Automatic;
				CURRENT_PROJECT_VERSION = 1;
				GENERATE_INFOPLIST_FILE = YES;
				IPHONEOS_DEPLOYMENT_TARGET = 15.5;
				MARKETING_VERSION = 1.0;
				PRODUCT_BUNDLE_IDENTIFIER = anunezmartinez.NeithTests;
				PRODUCT_NAME = "$(TARGET_NAME)";
				SWIFT_EMIT_LOC_STRINGS = NO;
				SWIFT_VERSION = 5.0;
				TARGETED_DEVICE_FAMILY = "1,2";
				TEST_HOST = "$(BUILT_PRODUCTS_DIR)/Neith.app/Neith";
			};
			name = Release;
		};
		B746074D289F71F700DF7BA9 /* Debug */ = {
			isa = XCBuildConfiguration;
			buildSettings = {
				ALWAYS_EMBED_SWIFT_STANDARD_LIBRARIES = YES;
				CODE_SIGN_STYLE = Automatic;
				CURRENT_PROJECT_VERSION = 1;
				GENERATE_INFOPLIST_FILE = YES;
				MARKETING_VERSION = 1.0;
				PRODUCT_BUNDLE_IDENTIFIER = anunezmartinez.NeithUITests;
				PRODUCT_NAME = "$(TARGET_NAME)";
				SWIFT_EMIT_LOC_STRINGS = NO;
				SWIFT_VERSION = 5.0;
				TARGETED_DEVICE_FAMILY = "1,2";
				TEST_TARGET_NAME = Neith;
			};
			name = Debug;
		};
		B746074E289F71F700DF7BA9 /* Release */ = {
			isa = XCBuildConfiguration;
			buildSettings = {
				ALWAYS_EMBED_SWIFT_STANDARD_LIBRARIES = YES;
				CODE_SIGN_STYLE = Automatic;
				CURRENT_PROJECT_VERSION = 1;
				GENERATE_INFOPLIST_FILE = YES;
				MARKETING_VERSION = 1.0;
				PRODUCT_BUNDLE_IDENTIFIER = anunezmartinez.NeithUITests;
				PRODUCT_NAME = "$(TARGET_NAME)";
				SWIFT_EMIT_LOC_STRINGS = NO;
				SWIFT_VERSION = 5.0;
				TARGETED_DEVICE_FAMILY = "1,2";
				TEST_TARGET_NAME = Neith;
			};
			name = Release;
		};
/* End XCBuildConfiguration section */

/* Begin XCConfigurationList section */
		B746071D289F71F600DF7BA9 /* Build configuration list for PBXProject "Neith" */ = {
			isa = XCConfigurationList;
			buildConfigurations = (
				B7460744289F71F700DF7BA9 /* Debug */,
				B7460745289F71F700DF7BA9 /* Release */,
			);
			defaultConfigurationIsVisible = 0;
			defaultConfigurationName = Release;
		};
		B7460746289F71F700DF7BA9 /* Build configuration list for PBXNativeTarget "Neith" */ = {
			isa = XCConfigurationList;
			buildConfigurations = (
				B7460747289F71F700DF7BA9 /* Debug */,
				B7460748289F71F700DF7BA9 /* Release */,
			);
			defaultConfigurationIsVisible = 0;
			defaultConfigurationName = Release;
		};
		B7460749289F71F700DF7BA9 /* Build configuration list for PBXNativeTarget "NeithTests" */ = {
			isa = XCConfigurationList;
			buildConfigurations = (
				B746074A289F71F700DF7BA9 /* Debug */,
				B746074B289F71F700DF7BA9 /* Release */,
			);
			defaultConfigurationIsVisible = 0;
			defaultConfigurationName = Release;
		};
		B746074C289F71F700DF7BA9 /* Build configuration list for PBXNativeTarget "NeithUITests" */ = {
			isa = XCConfigurationList;
			buildConfigurations = (
				B746074D289F71F700DF7BA9 /* Debug */,
				B746074E289F71F700DF7BA9 /* Release */,
			);
			defaultConfigurationIsVisible = 0;
			defaultConfigurationName = Release;
		};
/* End XCConfigurationList section */
	};
	rootObject = B746071A289F71F600DF7BA9 /* Project object */;
}
